
Microsoft Visual Studio Solution File, Format Version 12.00
# Visual Studio Version 17
VisualStudioVersion = 17.3.32519.111
MinimumVisualStudioVersion = 10.0.40219.1
Project("{9A19103F-16F7-4668-BE54-9A1E7A4F7556}") = "gogcord.moe.Client", "gogcord.moe\Client\gogcord.moe.Client.csproj", "{3A83197F-8484-45DF-8A7D-71D2C0F3F634}"
EndProject
Project("{9A19103F-16F7-4668-BE54-9A1E7A4F7556}") = "gogcord.moe.Server", "gogcord.moe\Server\gogcord.moe.Server.csproj", "{04DCF157-79DB-48BA-8190-58F6F5D5006A}"
EndProject
Project("{9A19103F-16F7-4668-BE54-9A1E7A4F7556}") = "gogcord.moe.Shared", "gogcord.moe\Shared\gogcord.moe.Shared.csproj", "{6126F403-2D02-41E7-8952-8000F52024CC}"
EndProject
Project("{9A19103F-16F7-4668-BE54-9A1E7A4F7556}") = "DiscordOAuth2Helper", "DiscordOAuth2Helper\DiscordOAuth2Helper.csproj", "{089EB5C4-757A-4B5D-9188-473FBE0EE1A1}"
EndProject
Project("{2150E333-8FDC-42A3-9474-1A3956D46DE8}") = "Solution Items", "Solution Items", "{7199BA30-9ED9-40D5-89E1-548410D3951E}"
	ProjectSection(SolutionItems) = preProject
		.editorconfig = .editorconfig
	EndProjectSection
EndProject
Global
	GlobalSection(SolutionConfigurationPlatforms) = preSolution
		Debug|Any CPU = Debug|Any CPU
		Release|Any CPU = Release|Any CPU
	EndGlobalSection
	GlobalSection(ProjectConfigurationPlatforms) = postSolution
		{3A83197F-8484-45DF-8A7D-71D2C0F3F634}.Debug|Any CPU.ActiveCfg = Debug|Any CPU
		{3A83197F-8484-45DF-8A7D-71D2C0F3F634}.Debug|Any CPU.Build.0 = Debug|Any CPU
		{3A83197F-8484-45DF-8A7D-71D2C0F3F634}.Release|Any CPU.ActiveCfg = Release|Any CPU
		{3A83197F-8484-45DF-8A7D-71D2C0F3F634}.Release|Any CPU.Build.0 = Release|Any CPU
		{04DCF157-79DB-48BA-8190-58F6F5D5006A}.Debug|Any CPU.ActiveCfg = Debug|Any CPU
		{04DCF157-79DB-48BA-8190-58F6F5D5006A}.Debug|Any CPU.Build.0 = Debug|Any CPU
		{04DCF157-79DB-48BA-8190-58F6F5D5006A}.Release|Any CPU.ActiveCfg = Release|Any CPU
		{04DCF157-79DB-48BA-8190-58F6F5D5006A}.Release|Any CPU.Build.0 = Release|Any CPU
		{6126F403-2D02-41E7-8952-8000F52024CC}.Debug|Any CPU.ActiveCfg = Debug|Any CPU
		{6126F403-2D02-41E7-8952-8000F52024CC}.Debug|Any CPU.Build.0 = Debug|Any CPU
		{6126F403-2D02-41E7-8952-8000F52024CC}.Release|Any CPU.ActiveCfg = Release|Any CPU
		{6126F403-2D02-41E7-8952-8000F52024CC}.Release|Any CPU.Build.0 = Release|Any CPU
		{089EB5C4-757A-4B5D-9188-473FBE0EE1A1}.Debug|Any CPU.ActiveCfg = Debug|Any CPU
		{089EB5C4-757A-4B5D-9188-473FBE0EE1A1}.Debug|Any CPU.Build.0 = Debug|Any CPU
		{089EB5C4-757A-4B5D-9188-473FBE0EE1A1}.Release|Any CPU.ActiveCfg = Release|Any CPU
		{089EB5C4-757A-4B5D-9188-473FBE0EE1A1}.Release|Any CPU.Build.0 = Release|Any CPU
	EndGlobalSection
	GlobalSection(SolutionProperties) = preSolution
		HideSolutionNode = FALSE
	EndGlobalSection
	GlobalSection(ExtensibilityGlobals) = postSolution
		SolutionGuid = {DFFCC4B6-04DD-43A3-A6D5-11F50F7C68EE}
	EndGlobalSection
EndGlobal
